
Microsoft Visual Studio Solution File, Format Version 12.00
# Visual Studio Version 16
VisualStudioVersion = 16.0.29709.97
MinimumVisualStudioVersion = 10.0.40219.1
Project("{8BC9CEB8-8B4A-11D0-8D11-00A0C91BC942}") = "Test1", "Test1.vcxproj", "{BDABF984-4A19-4B31-A8EA-51EDDCFF89F6}"
EndProject
Global
	GlobalSection(SolutionConfigurationPlatforms) = preSolution
		Debug|x64 = Debug|x64
		Debug|x86 = Debug|x86
		Release|x64 = Release|x64
		Release|x86 = Release|x86
	EndGlobalSection
	GlobalSection(ProjectConfigurationPlatforms) = postSolution
		{BDABF984-4A19-4B31-A8EA-51EDDCFF89F6}.Debug|x64.ActiveCfg = Debug|x64
		{BDABF984-4A19-4B31-A8EA-51EDDCFF89F6}.Debug|x64.Build.0 = Debug|x64
		{BDABF984-4A19-4B31-A8EA-51EDDCFF89F6}.Debug|x86.ActiveCfg = Debug|Win32
		{BDABF984-4A19-4B31-A8EA-51EDDCFF89F6}.Debug|x86.Build.0 = Debug|Win32
		{BDABF984-4A19-4B31-A8EA-51EDDCFF89F6}.Release|x64.ActiveCfg = Release|x64
		{BDABF984-4A19-4B31-A8EA-51EDDCFF89F6}.Release|x64.Build.0 = Release|x64
		{BDABF984-4A19-4B31-A8EA-51EDDCFF89F6}.Release|x86.ActiveCfg = Release|Win32
		{BDABF984-4A19-4B31-A8EA-51EDDCFF89F6}.Release|x86.Build.0 = Release|Win32
	EndGlobalSection
	GlobalSection(SolutionProperties) = preSolution
		HideSolutionNode = FALSE
	EndGlobalSection
	GlobalSection(ExtensibilityGlobals) = postSolution
		SolutionGuid = {EA11D1B9-FF6B-4C58-8DDD-ED86B9FD8A28}
	EndGlobalSection
EndGlobal
